
Microsoft Visual Studio Solution File, Format Version 12.00
# Visual Studio Version 16
VisualStudioVersion = 16.0.29009.5
MinimumVisualStudioVersion = 10.0.40219.1
Project("{FAE04EC0-301F-11D3-BF4B-00C04F79EFBC}") = "ServiceWebApplication", "ServiceWebApplication\ServiceWebApplication.csproj", "{2456D1D4-BB58-4FA3-AC0E-58A97A448420}"
EndProject
Project("{FAE04EC0-301F-11D3-BF4B-00C04F79EFBC}") = "ServiceApp.Data", "ServiceApp.Data\ServiceApp.Data.csproj", "{1242DDEC-26F5-47BF-871C-3D30BF83DBA2}"
EndProject
Project("{FAE04EC0-301F-11D3-BF4B-00C04F79EFBC}") = "ServiceApp.Domain", "ServiceApp.Domain\ServiceApp.Domain.csproj", "{39098D9D-380D-4963-8FCC-E0695ECD1F38}"
EndProject
Global
	GlobalSection(SolutionConfigurationPlatforms) = preSolution
		Debug|Any CPU = Debug|Any CPU
		Release|Any CPU = Release|Any CPU
	EndGlobalSection
	GlobalSection(ProjectConfigurationPlatforms) = postSolution
		{2456D1D4-BB58-4FA3-AC0E-58A97A448420}.Debug|Any CPU.ActiveCfg = Debug|Any CPU
		{2456D1D4-BB58-4FA3-AC0E-58A97A448420}.Debug|Any CPU.Build.0 = Debug|Any CPU
		{2456D1D4-BB58-4FA3-AC0E-58A97A448420}.Release|Any CPU.ActiveCfg = Release|Any CPU
		{2456D1D4-BB58-4FA3-AC0E-58A97A448420}.Release|Any CPU.Build.0 = Release|Any CPU
		{1242DDEC-26F5-47BF-871C-3D30BF83DBA2}.Debug|Any CPU.ActiveCfg = Debug|Any CPU
		{1242DDEC-26F5-47BF-871C-3D30BF83DBA2}.Debug|Any CPU.Build.0 = Debug|Any CPU
		{1242DDEC-26F5-47BF-871C-3D30BF83DBA2}.Release|Any CPU.ActiveCfg = Release|Any CPU
		{1242DDEC-26F5-47BF-871C-3D30BF83DBA2}.Release|Any CPU.Build.0 = Release|Any CPU
		{39098D9D-380D-4963-8FCC-E0695ECD1F38}.Debug|Any CPU.ActiveCfg = Debug|Any CPU
		{39098D9D-380D-4963-8FCC-E0695ECD1F38}.Debug|Any CPU.Build.0 = Debug|Any CPU
		{39098D9D-380D-4963-8FCC-E0695ECD1F38}.Release|Any CPU.ActiveCfg = Release|Any CPU
		{39098D9D-380D-4963-8FCC-E0695ECD1F38}.Release|Any CPU.Build.0 = Release|Any CPU
	EndGlobalSection
	GlobalSection(SolutionProperties) = preSolution
		HideSolutionNode = FALSE
	EndGlobalSection
	GlobalSection(ExtensibilityGlobals) = postSolution
		SolutionGuid = {3C3424BF-C2B1-49D1-8F96-843FB9190156}
	EndGlobalSection
EndGlobal
